
Microsoft Visual Studio Solution File, Format Version 12.00
# Visual Studio Version 16
VisualStudioVersion = 16.0.29123.88
MinimumVisualStudioVersion = 10.0.40219.1
Project("{2150E333-8FDC-42A3-9474-1A3956D46DE8}") = "Core", "Core", "{1F008834-67CA-4C87-90CC-8B770264993D}"
EndProject
Project("{9A19103F-16F7-4668-BE54-9A1E7A4F7556}") = "Core.Common", "Core.Common\Core.Common.csproj", "{0A3174FB-8300-4154-989F-E99F0D900757}"
EndProject
Project("{2150E333-8FDC-42A3-9474-1A3956D46DE8}") = "Resource Access", "Resource Access", "{73441A58-06BA-4BDE-A9A1-FB2D392CCE6B}"
EndProject
Project("{9A19103F-16F7-4668-BE54-9A1E7A4F7556}") = "MyBoilerPlate.Data", "MyBoilerPlate.Data\MyBoilerPlate.Data.csproj", "{1377F8EC-D2BA-40F4-9BFC-10D5E5DD66BA}"
EndProject
Project("{2150E333-8FDC-42A3-9474-1A3956D46DE8}") = "Business", "Business", "{E75D8954-039F-40A9-8EBA-714FB7ADF195}"
EndProject
Project("{9A19103F-16F7-4668-BE54-9A1E7A4F7556}") = "MyBoilerPlate.Business.Entities", "MyBoilerPlate.Business.Entities\MyBoilerPlate.Business.Entities.csproj", "{A25C678C-E2EC-4885-9BE5-BAFD7095C1F9}"
EndProject
Project("{2150E333-8FDC-42A3-9474-1A3956D46DE8}") = "Gateways", "Gateways", "{B23137A6-0670-4F33-B96D-C4CF0F21678D}"
EndProject
Project("{2150E333-8FDC-42A3-9474-1A3956D46DE8}") = "Hosting", "Hosting", "{77F7E231-1793-40B8-A147-18F7A5A4FBF1}"
EndProject
Project("{2150E333-8FDC-42A3-9474-1A3956D46DE8}") = "Tests", "Tests", "{B8A4F270-6D50-4258-BC82-772810E96968}"
EndProject
Project("{9A19103F-16F7-4668-BE54-9A1E7A4F7556}") = "MyBoilerPlate.Resources", "MyBoilerPlate.Resources\MyBoilerPlate.Resources.csproj", "{087EA2EE-4FAD-41B2-892D-5D6AD1208A71}"
EndProject
Project("{9A19103F-16F7-4668-BE54-9A1E7A4F7556}") = "MyBoilerPlate.Tests.DB", "MyBoilerPlate.Tests.DB\MyBoilerPlate.Tests.DB.csproj", "{A778AD11-E3CB-4879-9836-A2DEF9783936}"
EndProject
Project("{9A19103F-16F7-4668-BE54-9A1E7A4F7556}") = "MyBoilerPlate.Tests", "MyBoilerPlate.Tests\MyBoilerPlate.Tests.csproj", "{5730A503-9B38-45B2-BCE7-92755AA66D0E}"
EndProject
Project("{9A19103F-16F7-4668-BE54-9A1E7A4F7556}") = "MyBoilerPlate.Web.Infrastructure", "MyBoilerPlate.Web.Infrastructure\MyBoilerPlate.Web.Infrastructure.csproj", "{47916F1A-7FBF-4459-8605-6BA289B7E9F7}"
EndProject
Project("{9A19103F-16F7-4668-BE54-9A1E7A4F7556}") = "MyBoilerPlate.Business", "MyBoilerPlate.Business\MyBoilerPlate.Business.csproj", "{C0FD7F39-AE2F-4FDE-89A0-00EE43B0CA98}"
EndProject
Project("{9A19103F-16F7-4668-BE54-9A1E7A4F7556}") = "MyBoilerPlate.Gateways.ReportServer", "MyBoilerPlate.Gateways.ReportServer\MyBoilerPlate.Gateways.ReportServer.csproj", "{AA68B28A-FE0B-4989-B55C-4938B527B0F2}"
EndProject
Project("{9A19103F-16F7-4668-BE54-9A1E7A4F7556}") = "MyBoilerPlate.Web.Api", "MyBoilerPlate.Web.Api\MyBoilerPlate.Web.Api.csproj", "{9B7F3E07-1E23-44FC-879B-85AE0E2600D3}"
EndProject
Project("{9A19103F-16F7-4668-BE54-9A1E7A4F7556}") = "MyBoilerPlate.Gateways.AWS", "MyBoilerPlate.Gateways.AWS\MyBoilerPlate.Gateways.AWS.csproj", "{EE41DA2B-39B4-411C-BC99-4E7B10A5ABC3}"
EndProject
Project("{9A19103F-16F7-4668-BE54-9A1E7A4F7556}") = "MyBoilerPlate.Gateways.Twilio", "MyBoilerPlate.Gateways.Twilio\MyBoilerPlate.Gateways.Twilio.csproj", "{1A2567A5-F0D4-4B4A-941A-340398D212B6}"
EndProject
Global
	GlobalSection(SolutionConfigurationPlatforms) = preSolution
		DatabaseBuild|Any CPU = DatabaseBuild|Any CPU
		Debug|Any CPU = Debug|Any CPU
		Produccion|Any CPU = Produccion|Any CPU
		QA_DE|Any CPU = QA_DE|Any CPU
		QA_NEXT|Any CPU = QA_NEXT|Any CPU
		QA|Any CPU = QA|Any CPU
		Release|Any CPU = Release|Any CPU
		Training|Any CPU = Training|Any CPU
	EndGlobalSection
	GlobalSection(ProjectConfigurationPlatforms) = postSolution
		{0A3174FB-8300-4154-989F-E99F0D900757}.DatabaseBuild|Any CPU.ActiveCfg = Debug|Any CPU
		{0A3174FB-8300-4154-989F-E99F0D900757}.DatabaseBuild|Any CPU.Build.0 = Debug|Any CPU
		{0A3174FB-8300-4154-989F-E99F0D900757}.Debug|Any CPU.ActiveCfg = Debug|Any CPU
		{0A3174FB-8300-4154-989F-E99F0D900757}.Debug|Any CPU.Build.0 = Debug|Any CPU
		{0A3174FB-8300-4154-989F-E99F0D900757}.Produccion|Any CPU.ActiveCfg = Produccion|Any CPU
		{0A3174FB-8300-4154-989F-E99F0D900757}.Produccion|Any CPU.Build.0 = Produccion|Any CPU
		{0A3174FB-8300-4154-989F-E99F0D900757}.QA_DE|Any CPU.ActiveCfg = QA_DE|Any CPU
		{0A3174FB-8300-4154-989F-E99F0D900757}.QA_DE|Any CPU.Build.0 = QA_DE|Any CPU
		{0A3174FB-8300-4154-989F-E99F0D900757}.QA_NEXT|Any CPU.ActiveCfg = QA_NEXT|Any CPU
		{0A3174FB-8300-4154-989F-E99F0D900757}.QA_NEXT|Any CPU.Build.0 = QA_NEXT|Any CPU
		{0A3174FB-8300-4154-989F-E99F0D900757}.QA|Any CPU.ActiveCfg = QA|Any CPU
		{0A3174FB-8300-4154-989F-E99F0D900757}.QA|Any CPU.Build.0 = QA|Any CPU
		{0A3174FB-8300-4154-989F-E99F0D900757}.Release|Any CPU.ActiveCfg = Release|Any CPU
		{0A3174FB-8300-4154-989F-E99F0D900757}.Release|Any CPU.Build.0 = Release|Any CPU
		{0A3174FB-8300-4154-989F-E99F0D900757}.Training|Any CPU.ActiveCfg = Release|Any CPU
		{0A3174FB-8300-4154-989F-E99F0D900757}.Training|Any CPU.Build.0 = Release|Any CPU
		{1377F8EC-D2BA-40F4-9BFC-10D5E5DD66BA}.DatabaseBuild|Any CPU.ActiveCfg = Debug|Any CPU
		{1377F8EC-D2BA-40F4-9BFC-10D5E5DD66BA}.DatabaseBuild|Any CPU.Build.0 = Debug|Any CPU
		{1377F8EC-D2BA-40F4-9BFC-10D5E5DD66BA}.Debug|Any CPU.ActiveCfg = Debug|Any CPU
		{1377F8EC-D2BA-40F4-9BFC-10D5E5DD66BA}.Debug|Any CPU.Build.0 = Debug|Any CPU
		{1377F8EC-D2BA-40F4-9BFC-10D5E5DD66BA}.Produccion|Any CPU.ActiveCfg = Debug|Any CPU
		{1377F8EC-D2BA-40F4-9BFC-10D5E5DD66BA}.Produccion|Any CPU.Build.0 = Debug|Any CPU
		{1377F8EC-D2BA-40F4-9BFC-10D5E5DD66BA}.QA_DE|Any CPU.ActiveCfg = Debug|Any CPU
		{1377F8EC-D2BA-40F4-9BFC-10D5E5DD66BA}.QA_DE|Any CPU.Build.0 = Debug|Any CPU
		{1377F8EC-D2BA-40F4-9BFC-10D5E5DD66BA}.QA_NEXT|Any CPU.ActiveCfg = Debug|Any CPU
		{1377F8EC-D2BA-40F4-9BFC-10D5E5DD66BA}.QA_NEXT|Any CPU.Build.0 = Debug|Any CPU
		{1377F8EC-D2BA-40F4-9BFC-10D5E5DD66BA}.QA|Any CPU.ActiveCfg = Debug|Any CPU
		{1377F8EC-D2BA-40F4-9BFC-10D5E5DD66BA}.QA|Any CPU.Build.0 = Debug|Any CPU
		{1377F8EC-D2BA-40F4-9BFC-10D5E5DD66BA}.Release|Any CPU.ActiveCfg = Release|Any CPU
		{1377F8EC-D2BA-40F4-9BFC-10D5E5DD66BA}.Release|Any CPU.Build.0 = Release|Any CPU
		{1377F8EC-D2BA-40F4-9BFC-10D5E5DD66BA}.Training|Any CPU.ActiveCfg = Release|Any CPU
		{1377F8EC-D2BA-40F4-9BFC-10D5E5DD66BA}.Training|Any CPU.Build.0 = Release|Any CPU
		{A25C678C-E2EC-4885-9BE5-BAFD7095C1F9}.DatabaseBuild|Any CPU.ActiveCfg = Debug|Any CPU
		{A25C678C-E2EC-4885-9BE5-BAFD7095C1F9}.DatabaseBuild|Any CPU.Build.0 = Debug|Any CPU
		{A25C678C-E2EC-4885-9BE5-BAFD7095C1F9}.Debug|Any CPU.ActiveCfg = Debug|Any CPU
		{A25C678C-E2EC-4885-9BE5-BAFD7095C1F9}.Debug|Any CPU.Build.0 = Debug|Any CPU
		{A25C678C-E2EC-4885-9BE5-BAFD7095C1F9}.Produccion|Any CPU.ActiveCfg = Debug|Any CPU
		{A25C678C-E2EC-4885-9BE5-BAFD7095C1F9}.Produccion|Any CPU.Build.0 = Debug|Any CPU
		{A25C678C-E2EC-4885-9BE5-BAFD7095C1F9}.QA_DE|Any CPU.ActiveCfg = Debug|Any CPU
		{A25C678C-E2EC-4885-9BE5-BAFD7095C1F9}.QA_DE|Any CPU.Build.0 = Debug|Any CPU
		{A25C678C-E2EC-4885-9BE5-BAFD7095C1F9}.QA_NEXT|Any CPU.ActiveCfg = Debug|Any CPU
		{A25C678C-E2EC-4885-9BE5-BAFD7095C1F9}.QA_NEXT|Any CPU.Build.0 = Debug|Any CPU
		{A25C678C-E2EC-4885-9BE5-BAFD7095C1F9}.QA|Any CPU.ActiveCfg = Debug|Any CPU
		{A25C678C-E2EC-4885-9BE5-BAFD7095C1F9}.QA|Any CPU.Build.0 = Debug|Any CPU
		{A25C678C-E2EC-4885-9BE5-BAFD7095C1F9}.Release|Any CPU.ActiveCfg = Release|Any CPU
		{A25C678C-E2EC-4885-9BE5-BAFD7095C1F9}.Release|Any CPU.Build.0 = Release|Any CPU
		{A25C678C-E2EC-4885-9BE5-BAFD7095C1F9}.Training|Any CPU.ActiveCfg = Release|Any CPU
		{A25C678C-E2EC-4885-9BE5-BAFD7095C1F9}.Training|Any CPU.Build.0 = Release|Any CPU
		{087EA2EE-4FAD-41B2-892D-5D6AD1208A71}.DatabaseBuild|Any CPU.ActiveCfg = Debug|Any CPU
		{087EA2EE-4FAD-41B2-892D-5D6AD1208A71}.DatabaseBuild|Any CPU.Build.0 = Debug|Any CPU
		{087EA2EE-4FAD-41B2-892D-5D6AD1208A71}.Debug|Any CPU.ActiveCfg = Debug|Any CPU
		{087EA2EE-4FAD-41B2-892D-5D6AD1208A71}.Debug|Any CPU.Build.0 = Debug|Any CPU
		{087EA2EE-4FAD-41B2-892D-5D6AD1208A71}.Produccion|Any CPU.ActiveCfg = Debug|Any CPU
		{087EA2EE-4FAD-41B2-892D-5D6AD1208A71}.Produccion|Any CPU.Build.0 = Debug|Any CPU
		{087EA2EE-4FAD-41B2-892D-5D6AD1208A71}.QA_DE|Any CPU.ActiveCfg = Debug|Any CPU
		{087EA2EE-4FAD-41B2-892D-5D6AD1208A71}.QA_DE|Any CPU.Build.0 = Debug|Any CPU
		{087EA2EE-4FAD-41B2-892D-5D6AD1208A71}.QA_NEXT|Any CPU.ActiveCfg = Debug|Any CPU
		{087EA2EE-4FAD-41B2-892D-5D6AD1208A71}.QA_NEXT|Any CPU.Build.0 = Debug|Any CPU
		{087EA2EE-4FAD-41B2-892D-5D6AD1208A71}.QA|Any CPU.ActiveCfg = Debug|Any CPU
		{087EA2EE-4FAD-41B2-892D-5D6AD1208A71}.QA|Any CPU.Build.0 = Debug|Any CPU
		{087EA2EE-4FAD-41B2-892D-5D6AD1208A71}.Release|Any CPU.ActiveCfg = Release|Any CPU
		{087EA2EE-4FAD-41B2-892D-5D6AD1208A71}.Release|Any CPU.Build.0 = Release|Any CPU
		{087EA2EE-4FAD-41B2-892D-5D6AD1208A71}.Training|Any CPU.ActiveCfg = Release|Any CPU
		{087EA2EE-4FAD-41B2-892D-5D6AD1208A71}.Training|Any CPU.Build.0 = Release|Any CPU
		{A778AD11-E3CB-4879-9836-A2DEF9783936}.DatabaseBuild|Any CPU.ActiveCfg = Debug|Any CPU
		{A778AD11-E3CB-4879-9836-A2DEF9783936}.DatabaseBuild|Any CPU.Build.0 = Debug|Any CPU
		{A778AD11-E3CB-4879-9836-A2DEF9783936}.Debug|Any CPU.ActiveCfg = Debug|Any CPU
		{A778AD11-E3CB-4879-9836-A2DEF9783936}.Debug|Any CPU.Build.0 = Debug|Any CPU
		{A778AD11-E3CB-4879-9836-A2DEF9783936}.Produccion|Any CPU.ActiveCfg = Debug|Any CPU
		{A778AD11-E3CB-4879-9836-A2DEF9783936}.Produccion|Any CPU.Build.0 = Debug|Any CPU
		{A778AD11-E3CB-4879-9836-A2DEF9783936}.QA_DE|Any CPU.ActiveCfg = Debug|Any CPU
		{A778AD11-E3CB-4879-9836-A2DEF9783936}.QA_DE|Any CPU.Build.0 = Debug|Any CPU
		{A778AD11-E3CB-4879-9836-A2DEF9783936}.QA_NEXT|Any CPU.ActiveCfg = Debug|Any CPU
		{A778AD11-E3CB-4879-9836-A2DEF9783936}.QA_NEXT|Any CPU.Build.0 = Debug|Any CPU
		{A778AD11-E3CB-4879-9836-A2DEF9783936}.QA|Any CPU.ActiveCfg = Debug|Any CPU
		{A778AD11-E3CB-4879-9836-A2DEF9783936}.QA|Any CPU.Build.0 = Debug|Any CPU
		{A778AD11-E3CB-4879-9836-A2DEF9783936}.Release|Any CPU.ActiveCfg = Release|Any CPU
		{A778AD11-E3CB-4879-9836-A2DEF9783936}.Release|Any CPU.Build.0 = Release|Any CPU
		{A778AD11-E3CB-4879-9836-A2DEF9783936}.Training|Any CPU.ActiveCfg = Release|Any CPU
		{A778AD11-E3CB-4879-9836-A2DEF9783936}.Training|Any CPU.Build.0 = Release|Any CPU
		{5730A503-9B38-45B2-BCE7-92755AA66D0E}.DatabaseBuild|Any CPU.ActiveCfg = Debug|Any CPU
		{5730A503-9B38-45B2-BCE7-92755AA66D0E}.DatabaseBuild|Any CPU.Build.0 = Debug|Any CPU
		{5730A503-9B38-45B2-BCE7-92755AA66D0E}.Debug|Any CPU.ActiveCfg = Debug|Any CPU
		{5730A503-9B38-45B2-BCE7-92755AA66D0E}.Debug|Any CPU.Build.0 = Debug|Any CPU
		{5730A503-9B38-45B2-BCE7-92755AA66D0E}.Produccion|Any CPU.ActiveCfg = Debug|Any CPU
		{5730A503-9B38-45B2-BCE7-92755AA66D0E}.Produccion|Any CPU.Build.0 = Debug|Any CPU
		{5730A503-9B38-45B2-BCE7-92755AA66D0E}.QA_DE|Any CPU.ActiveCfg = Debug|Any CPU
		{5730A503-9B38-45B2-BCE7-92755AA66D0E}.QA_DE|Any CPU.Build.0 = Debug|Any CPU
		{5730A503-9B38-45B2-BCE7-92755AA66D0E}.QA_NEXT|Any CPU.ActiveCfg = Debug|Any CPU
		{5730A503-9B38-45B2-BCE7-92755AA66D0E}.QA_NEXT|Any CPU.Build.0 = Debug|Any CPU
		{5730A503-9B38-45B2-BCE7-92755AA66D0E}.QA|Any CPU.ActiveCfg = Debug|Any CPU
		{5730A503-9B38-45B2-BCE7-92755AA66D0E}.QA|Any CPU.Build.0 = Debug|Any CPU
		{5730A503-9B38-45B2-BCE7-92755AA66D0E}.Release|Any CPU.ActiveCfg = Release|Any CPU
		{5730A503-9B38-45B2-BCE7-92755AA66D0E}.Release|Any CPU.Build.0 = Release|Any CPU
		{5730A503-9B38-45B2-BCE7-92755AA66D0E}.Training|Any CPU.ActiveCfg = Debug|Any CPU
		{5730A503-9B38-45B2-BCE7-92755AA66D0E}.Training|Any CPU.Build.0 = Debug|Any CPU
		{47916F1A-7FBF-4459-8605-6BA289B7E9F7}.DatabaseBuild|Any CPU.ActiveCfg = Debug|Any CPU
		{47916F1A-7FBF-4459-8605-6BA289B7E9F7}.DatabaseBuild|Any CPU.Build.0 = Debug|Any CPU
		{47916F1A-7FBF-4459-8605-6BA289B7E9F7}.Debug|Any CPU.ActiveCfg = Debug|Any CPU
		{47916F1A-7FBF-4459-8605-6BA289B7E9F7}.Debug|Any CPU.Build.0 = Debug|Any CPU
		{47916F1A-7FBF-4459-8605-6BA289B7E9F7}.Produccion|Any CPU.ActiveCfg = Debug|Any CPU
		{47916F1A-7FBF-4459-8605-6BA289B7E9F7}.Produccion|Any CPU.Build.0 = Debug|Any CPU
		{47916F1A-7FBF-4459-8605-6BA289B7E9F7}.QA_DE|Any CPU.ActiveCfg = Debug|Any CPU
		{47916F1A-7FBF-4459-8605-6BA289B7E9F7}.QA_DE|Any CPU.Build.0 = Debug|Any CPU
		{47916F1A-7FBF-4459-8605-6BA289B7E9F7}.QA_NEXT|Any CPU.ActiveCfg = Debug|Any CPU
		{47916F1A-7FBF-4459-8605-6BA289B7E9F7}.QA_NEXT|Any CPU.Build.0 = Debug|Any CPU
		{47916F1A-7FBF-4459-8605-6BA289B7E9F7}.QA|Any CPU.ActiveCfg = Debug|Any CPU
		{47916F1A-7FBF-4459-8605-6BA289B7E9F7}.QA|Any CPU.Build.0 = Debug|Any CPU
		{47916F1A-7FBF-4459-8605-6BA289B7E9F7}.Release|Any CPU.ActiveCfg = Release|Any CPU
		{47916F1A-7FBF-4459-8605-6BA289B7E9F7}.Release|Any CPU.Build.0 = Release|Any CPU
		{47916F1A-7FBF-4459-8605-6BA289B7E9F7}.Training|Any CPU.ActiveCfg = Debug|Any CPU
		{47916F1A-7FBF-4459-8605-6BA289B7E9F7}.Training|Any CPU.Build.0 = Debug|Any CPU
		{C0FD7F39-AE2F-4FDE-89A0-00EE43B0CA98}.DatabaseBuild|Any CPU.ActiveCfg = Debug|Any CPU
		{C0FD7F39-AE2F-4FDE-89A0-00EE43B0CA98}.DatabaseBuild|Any CPU.Build.0 = Debug|Any CPU
		{C0FD7F39-AE2F-4FDE-89A0-00EE43B0CA98}.Debug|Any CPU.ActiveCfg = Debug|Any CPU
		{C0FD7F39-AE2F-4FDE-89A0-00EE43B0CA98}.Debug|Any CPU.Build.0 = Debug|Any CPU
		{C0FD7F39-AE2F-4FDE-89A0-00EE43B0CA98}.Produccion|Any CPU.ActiveCfg = Debug|Any CPU
		{C0FD7F39-AE2F-4FDE-89A0-00EE43B0CA98}.Produccion|Any CPU.Build.0 = Debug|Any CPU
		{C0FD7F39-AE2F-4FDE-89A0-00EE43B0CA98}.QA_DE|Any CPU.ActiveCfg = Debug|Any CPU
		{C0FD7F39-AE2F-4FDE-89A0-00EE43B0CA98}.QA_DE|Any CPU.Build.0 = Debug|Any CPU
		{C0FD7F39-AE2F-4FDE-89A0-00EE43B0CA98}.QA_NEXT|Any CPU.ActiveCfg = Debug|Any CPU
		{C0FD7F39-AE2F-4FDE-89A0-00EE43B0CA98}.QA_NEXT|Any CPU.Build.0 = Debug|Any CPU
		{C0FD7F39-AE2F-4FDE-89A0-00EE43B0CA98}.QA|Any CPU.ActiveCfg = Debug|Any CPU
		{C0FD7F39-AE2F-4FDE-89A0-00EE43B0CA98}.QA|Any CPU.Build.0 = Debug|Any CPU
		{C0FD7F39-AE2F-4FDE-89A0-00EE43B0CA98}.Release|Any CPU.ActiveCfg = Release|Any CPU
		{C0FD7F39-AE2F-4FDE-89A0-00EE43B0CA98}.Release|Any CPU.Build.0 = Release|Any CPU
		{C0FD7F39-AE2F-4FDE-89A0-00EE43B0CA98}.Training|Any CPU.ActiveCfg = Debug|Any CPU
		{C0FD7F39-AE2F-4FDE-89A0-00EE43B0CA98}.Training|Any CPU.Build.0 = Debug|Any CPU
		{AA68B28A-FE0B-4989-B55C-4938B527B0F2}.DatabaseBuild|Any CPU.ActiveCfg = Debug|Any CPU
		{AA68B28A-FE0B-4989-B55C-4938B527B0F2}.DatabaseBuild|Any CPU.Build.0 = Debug|Any CPU
		{AA68B28A-FE0B-4989-B55C-4938B527B0F2}.Debug|Any CPU.ActiveCfg = Debug|Any CPU
		{AA68B28A-FE0B-4989-B55C-4938B527B0F2}.Debug|Any CPU.Build.0 = Debug|Any CPU
		{AA68B28A-FE0B-4989-B55C-4938B527B0F2}.Produccion|Any CPU.ActiveCfg = Debug|Any CPU
		{AA68B28A-FE0B-4989-B55C-4938B527B0F2}.Produccion|Any CPU.Build.0 = Debug|Any CPU
		{AA68B28A-FE0B-4989-B55C-4938B527B0F2}.QA_DE|Any CPU.ActiveCfg = Debug|Any CPU
		{AA68B28A-FE0B-4989-B55C-4938B527B0F2}.QA_DE|Any CPU.Build.0 = Debug|Any CPU
		{AA68B28A-FE0B-4989-B55C-4938B527B0F2}.QA_NEXT|Any CPU.ActiveCfg = Debug|Any CPU
		{AA68B28A-FE0B-4989-B55C-4938B527B0F2}.QA_NEXT|Any CPU.Build.0 = Debug|Any CPU
		{AA68B28A-FE0B-4989-B55C-4938B527B0F2}.QA|Any CPU.ActiveCfg = Debug|Any CPU
		{AA68B28A-FE0B-4989-B55C-4938B527B0F2}.QA|Any CPU.Build.0 = Debug|Any CPU
		{AA68B28A-FE0B-4989-B55C-4938B527B0F2}.Release|Any CPU.ActiveCfg = Release|Any CPU
		{AA68B28A-FE0B-4989-B55C-4938B527B0F2}.Release|Any CPU.Build.0 = Release|Any CPU
		{AA68B28A-FE0B-4989-B55C-4938B527B0F2}.Training|Any CPU.ActiveCfg = Debug|Any CPU
		{AA68B28A-FE0B-4989-B55C-4938B527B0F2}.Training|Any CPU.Build.0 = Debug|Any CPU
		{9B7F3E07-1E23-44FC-879B-85AE0E2600D3}.DatabaseBuild|Any CPU.ActiveCfg = Debug|Any CPU
		{9B7F3E07-1E23-44FC-879B-85AE0E2600D3}.DatabaseBuild|Any CPU.Build.0 = Debug|Any CPU
		{9B7F3E07-1E23-44FC-879B-85AE0E2600D3}.Debug|Any CPU.ActiveCfg = Debug|Any CPU
		{9B7F3E07-1E23-44FC-879B-85AE0E2600D3}.Debug|Any CPU.Build.0 = Debug|Any CPU
		{9B7F3E07-1E23-44FC-879B-85AE0E2600D3}.Produccion|Any CPU.ActiveCfg = Debug|Any CPU
		{9B7F3E07-1E23-44FC-879B-85AE0E2600D3}.Produccion|Any CPU.Build.0 = Debug|Any CPU
		{9B7F3E07-1E23-44FC-879B-85AE0E2600D3}.QA_DE|Any CPU.ActiveCfg = Debug|Any CPU
		{9B7F3E07-1E23-44FC-879B-85AE0E2600D3}.QA_DE|Any CPU.Build.0 = Debug|Any CPU
		{9B7F3E07-1E23-44FC-879B-85AE0E2600D3}.QA_NEXT|Any CPU.ActiveCfg = Debug|Any CPU
		{9B7F3E07-1E23-44FC-879B-85AE0E2600D3}.QA_NEXT|Any CPU.Build.0 = Debug|Any CPU
		{9B7F3E07-1E23-44FC-879B-85AE0E2600D3}.QA|Any CPU.ActiveCfg = Debug|Any CPU
		{9B7F3E07-1E23-44FC-879B-85AE0E2600D3}.QA|Any CPU.Build.0 = Debug|Any CPU
		{9B7F3E07-1E23-44FC-879B-85AE0E2600D3}.Release|Any CPU.ActiveCfg = Release|Any CPU
		{9B7F3E07-1E23-44FC-879B-85AE0E2600D3}.Release|Any CPU.Build.0 = Release|Any CPU
		{9B7F3E07-1E23-44FC-879B-85AE0E2600D3}.Training|Any CPU.ActiveCfg = Debug|Any CPU
		{9B7F3E07-1E23-44FC-879B-85AE0E2600D3}.Training|Any CPU.Build.0 = Debug|Any CPU
		{EE41DA2B-39B4-411C-BC99-4E7B10A5ABC3}.DatabaseBuild|Any CPU.ActiveCfg = Debug|Any CPU
		{EE41DA2B-39B4-411C-BC99-4E7B10A5ABC3}.DatabaseBuild|Any CPU.Build.0 = Debug|Any CPU
		{EE41DA2B-39B4-411C-BC99-4E7B10A5ABC3}.Debug|Any CPU.ActiveCfg = Debug|Any CPU
		{EE41DA2B-39B4-411C-BC99-4E7B10A5ABC3}.Debug|Any CPU.Build.0 = Debug|Any CPU
		{EE41DA2B-39B4-411C-BC99-4E7B10A5ABC3}.Produccion|Any CPU.ActiveCfg = Debug|Any CPU
		{EE41DA2B-39B4-411C-BC99-4E7B10A5ABC3}.Produccion|Any CPU.Build.0 = Debug|Any CPU
		{EE41DA2B-39B4-411C-BC99-4E7B10A5ABC3}.QA_DE|Any CPU.ActiveCfg = Debug|Any CPU
		{EE41DA2B-39B4-411C-BC99-4E7B10A5ABC3}.QA_DE|Any CPU.Build.0 = Debug|Any CPU
		{EE41DA2B-39B4-411C-BC99-4E7B10A5ABC3}.QA_NEXT|Any CPU.ActiveCfg = Debug|Any CPU
		{EE41DA2B-39B4-411C-BC99-4E7B10A5ABC3}.QA_NEXT|Any CPU.Build.0 = Debug|Any CPU
		{EE41DA2B-39B4-411C-BC99-4E7B10A5ABC3}.QA|Any CPU.ActiveCfg = Debug|Any CPU
		{EE41DA2B-39B4-411C-BC99-4E7B10A5ABC3}.QA|Any CPU.Build.0 = Debug|Any CPU
		{EE41DA2B-39B4-411C-BC99-4E7B10A5ABC3}.Release|Any CPU.ActiveCfg = Release|Any CPU
		{EE41DA2B-39B4-411C-BC99-4E7B10A5ABC3}.Release|Any CPU.Build.0 = Release|Any CPU
		{EE41DA2B-39B4-411C-BC99-4E7B10A5ABC3}.Training|Any CPU.ActiveCfg = Debug|Any CPU
		{EE41DA2B-39B4-411C-BC99-4E7B10A5ABC3}.Training|Any CPU.Build.0 = Debug|Any CPU
		{1A2567A5-F0D4-4B4A-941A-340398D212B6}.DatabaseBuild|Any CPU.ActiveCfg = Debug|Any CPU
		{1A2567A5-F0D4-4B4A-941A-340398D212B6}.DatabaseBuild|Any CPU.Build.0 = Debug|Any CPU
		{1A2567A5-F0D4-4B4A-941A-340398D212B6}.Debug|Any CPU.ActiveCfg = Debug|Any CPU
		{1A2567A5-F0D4-4B4A-941A-340398D212B6}.Debug|Any CPU.Build.0 = Debug|Any CPU
		{1A2567A5-F0D4-4B4A-941A-340398D212B6}.Produccion|Any CPU.ActiveCfg = Debug|Any CPU
		{1A2567A5-F0D4-4B4A-941A-340398D212B6}.Produccion|Any CPU.Build.0 = Debug|Any CPU
		{1A2567A5-F0D4-4B4A-941A-340398D212B6}.QA_DE|Any CPU.ActiveCfg = Debug|Any CPU
		{1A2567A5-F0D4-4B4A-941A-340398D212B6}.QA_DE|Any CPU.Build.0 = Debug|Any CPU
		{1A2567A5-F0D4-4B4A-941A-340398D212B6}.QA_NEXT|Any CPU.ActiveCfg = Debug|Any CPU
		{1A2567A5-F0D4-4B4A-941A-340398D212B6}.QA_NEXT|Any CPU.Build.0 = Debug|Any CPU
		{1A2567A5-F0D4-4B4A-941A-340398D212B6}.QA|Any CPU.ActiveCfg = Debug|Any CPU
		{1A2567A5-F0D4-4B4A-941A-340398D212B6}.QA|Any CPU.Build.0 = Debug|Any CPU
		{1A2567A5-F0D4-4B4A-941A-340398D212B6}.Release|Any CPU.ActiveCfg = Release|Any CPU
		{1A2567A5-F0D4-4B4A-941A-340398D212B6}.Release|Any CPU.Build.0 = Release|Any CPU
		{1A2567A5-F0D4-4B4A-941A-340398D212B6}.Training|Any CPU.ActiveCfg = Debug|Any CPU
		{1A2567A5-F0D4-4B4A-941A-340398D212B6}.Training|Any CPU.Build.0 = Debug|Any CPU
	EndGlobalSection
	GlobalSection(SolutionProperties) = preSolution
		HideSolutionNode = FALSE
	EndGlobalSection
	GlobalSection(NestedProjects) = preSolution
		{0A3174FB-8300-4154-989F-E99F0D900757} = {1F008834-67CA-4C87-90CC-8B770264993D}
		{1377F8EC-D2BA-40F4-9BFC-10D5E5DD66BA} = {73441A58-06BA-4BDE-A9A1-FB2D392CCE6B}
		{A25C678C-E2EC-4885-9BE5-BAFD7095C1F9} = {E75D8954-039F-40A9-8EBA-714FB7ADF195}
		{087EA2EE-4FAD-41B2-892D-5D6AD1208A71} = {73441A58-06BA-4BDE-A9A1-FB2D392CCE6B}
		{A778AD11-E3CB-4879-9836-A2DEF9783936} = {B8A4F270-6D50-4258-BC82-772810E96968}
		{5730A503-9B38-45B2-BCE7-92755AA66D0E} = {B8A4F270-6D50-4258-BC82-772810E96968}
		{47916F1A-7FBF-4459-8605-6BA289B7E9F7} = {77F7E231-1793-40B8-A147-18F7A5A4FBF1}
		{C0FD7F39-AE2F-4FDE-89A0-00EE43B0CA98} = {E75D8954-039F-40A9-8EBA-714FB7ADF195}
		{AA68B28A-FE0B-4989-B55C-4938B527B0F2} = {B23137A6-0670-4F33-B96D-C4CF0F21678D}
		{9B7F3E07-1E23-44FC-879B-85AE0E2600D3} = {77F7E231-1793-40B8-A147-18F7A5A4FBF1}
		{EE41DA2B-39B4-411C-BC99-4E7B10A5ABC3} = {B23137A6-0670-4F33-B96D-C4CF0F21678D}
		{1A2567A5-F0D4-4B4A-941A-340398D212B6} = {B23137A6-0670-4F33-B96D-C4CF0F21678D}
	EndGlobalSection
	GlobalSection(ExtensibilityGlobals) = postSolution
		SolutionGuid = {456EC5B0-50C8-464E-9EFA-FA3B0AB032DB}
	EndGlobalSection
EndGlobal
